// !$*UTF8*$!
{
	archiveVersion = 1;
	classes = {
	};
	objectVersion = 46;
	objects = {

/* Begin PBXBuildFile section */
		0004ED0018EDE21B00EAE3F5 /* WaterSubViewController.m in Sources */ = {isa = PBXBuildFile; fileRef = 0004ECFE18EDE21B00EAE3F5 /* WaterSubViewController.m */; };
		0004ED0118EDE21B00EAE3F5 /* WaterSubViewController.xib in Resources */ = {isa = PBXBuildFile; fileRef = 0004ECFF18EDE21B00EAE3F5 /* WaterSubViewController.xib */; };
		0004ED0518EDE9C000EAE3F5 /* SoftDrinkSubViewController.m in Sources */ = {isa = PBXBuildFile; fileRef = 0004ED0318EDE9C000EAE3F5 /* SoftDrinkSubViewController.m */; };
		0004ED0618EDE9C000EAE3F5 /* SoftDrinkSubViewController.xib in Resources */ = {isa = PBXBuildFile; fileRef = 0004ED0418EDE9C000EAE3F5 /* SoftDrinkSubViewController.xib */; };
		0004ED0A18EDEA4900EAE3F5 /* CoffeeSubViewController.m in Sources */ = {isa = PBXBuildFile; fileRef = 0004ED0818EDEA4900EAE3F5 /* CoffeeSubViewController.m */; };
		0004ED0B18EDEA4900EAE3F5 /* CoffeeSubViewController.xib in Resources */ = {isa = PBXBuildFile; fileRef = 0004ED0918EDEA4900EAE3F5 /* CoffeeSubViewController.xib */; };
		000846EE18F0B0F1000EB4B2 /* StatScreenViewController.m in Sources */ = {isa = PBXBuildFile; fileRef = 000846ED18F0B0F1000EB4B2 /* StatScreenViewController.m */; };
		0031864418EC419B00528B23 /* MainScreenViewController.m in Sources */ = {isa = PBXBuildFile; fileRef = 0031864318EC419B00528B23 /* MainScreenViewController.m */; };
		0031864D18EC5DB500528B23 /* caffein_final.png in Resources */ = {isa = PBXBuildFile; fileRef = 0031864718EC5DB500528B23 /* caffein_final.png */; };
		0031864E18EC5DB500528B23 /* glass_final.png in Resources */ = {isa = PBXBuildFile; fileRef = 0031864818EC5DB500528B23 /* glass_final.png */; };
		0031864F18EC5DB500528B23 /* settings_final.png in Resources */ = {isa = PBXBuildFile; fileRef = 0031864918EC5DB500528B23 /* settings_final.png */; };
		0031865018EC5DB500528B23 /* statistics_final.png in Resources */ = {isa = PBXBuildFile; fileRef = 0031864A18EC5DB500528B23 /* statistics_final.png */; };
		0031865118EC5DB500528B23 /* sugar_final.png in Resources */ = {isa = PBXBuildFile; fileRef = 0031864B18EC5DB500528B23 /* sugar_final.png */; };
		0031865218EC5DB500528B23 /* water_final.png in Resources */ = {isa = PBXBuildFile; fileRef = 0031864C18EC5DB500528B23 /* water_final.png */; };
		0031865518EC64E700528B23 /* caffein_unselected_final.png in Resources */ = {isa = PBXBuildFile; fileRef = 0031865318EC64E700528B23 /* caffein_unselected_final.png */; };
		0031865618EC64E700528B23 /* sugar_unselected_final.psd in Resources */ = {isa = PBXBuildFile; fileRef = 0031865418EC64E700528B23 /* sugar_unselected_final.psd */; };
		0062D5C718F5DF3100BD97FD /* TopBarViewController.m in Sources */ = {isa = PBXBuildFile; fileRef = 0062D5C518F5DF3100BD97FD /* TopBarViewController.m */; };
		0062D5C818F5DF3100BD97FD /* TopBarViewController.xib in Resources */ = {isa = PBXBuildFile; fileRef = 0062D5C618F5DF3100BD97FD /* TopBarViewController.xib */; };
		0062D5CA18F5F98900BD97FD /* man.png in Resources */ = {isa = PBXBuildFile; fileRef = 0062D5C918F5F98900BD97FD /* man.png */; };
		00FB422918EF5DC60011E26A /* LoggingData.m in Sources */ = {isa = PBXBuildFile; fileRef = 00FB422818EF5DC60011E26A /* LoggingData.m */; };
		D60B926D18EC304000AF04DE /* Foundation.framework in Frameworks */ = {isa = PBXBuildFile; fileRef = D60B926C18EC304000AF04DE /* Foundation.framework */; };
		D60B926F18EC304000AF04DE /* CoreGraphics.framework in Frameworks */ = {isa = PBXBuildFile; fileRef = D60B926E18EC304000AF04DE /* CoreGraphics.framework */; };
		D60B927118EC304000AF04DE /* UIKit.framework in Frameworks */ = {isa = PBXBuildFile; fileRef = D60B927018EC304000AF04DE /* UIKit.framework */; };
		D60B927318EC304000AF04DE /* CoreData.framework in Frameworks */ = {isa = PBXBuildFile; fileRef = D60B927218EC304000AF04DE /* CoreData.framework */; };
		D60B927918EC304000AF04DE /* InfoPlist.strings in Resources */ = {isa = PBXBuildFile; fileRef = D60B927718EC304000AF04DE /* InfoPlist.strings */; };
		D60B927B18EC304000AF04DE /* main.m in Sources */ = {isa = PBXBuildFile; fileRef = D60B927A18EC304000AF04DE /* main.m */; };
		D60B927F18EC304000AF04DE /* AppDelegate.m in Sources */ = {isa = PBXBuildFile; fileRef = D60B927E18EC304000AF04DE /* AppDelegate.m */; };
		D60B928418EC304000AF04DE /* Images.xcassets in Resources */ = {isa = PBXBuildFile; fileRef = D60B928318EC304000AF04DE /* Images.xcassets */; };
		D60B928B18EC304000AF04DE /* XCTest.framework in Frameworks */ = {isa = PBXBuildFile; fileRef = D60B928A18EC304000AF04DE /* XCTest.framework */; };
		D60B928C18EC304000AF04DE /* Foundation.framework in Frameworks */ = {isa = PBXBuildFile; fileRef = D60B926C18EC304000AF04DE /* Foundation.framework */; };
		D60B928D18EC304000AF04DE /* UIKit.framework in Frameworks */ = {isa = PBXBuildFile; fileRef = D60B927018EC304000AF04DE /* UIKit.framework */; };
		D60B928E18EC304000AF04DE /* CoreData.framework in Frameworks */ = {isa = PBXBuildFile; fileRef = D60B927218EC304000AF04DE /* CoreData.framework */; };
		D60B929618EC304000AF04DE /* InfoPlist.strings in Resources */ = {isa = PBXBuildFile; fileRef = D60B929418EC304000AF04DE /* InfoPlist.strings */; };
		D60B929818EC304000AF04DE /* HydrateMeTests.m in Sources */ = {isa = PBXBuildFile; fileRef = D60B929718EC304000AF04DE /* HydrateMeTests.m */; };
		D60B92A218EC374300AF04DE /* CoreData.xcdatamodel in Sources */ = {isa = PBXBuildFile; fileRef = D60B92A118EC374300AF04DE /* CoreData.xcdatamodel */; };
		D60B92A718EC380D00AF04DE /* womanwhite.png in Resources */ = {isa = PBXBuildFile; fileRef = D60B92A318EC380D00AF04DE /* womanwhite.png */; };
		D60B92A818EC380D00AF04DE /* womanblue.png in Resources */ = {isa = PBXBuildFile; fileRef = D60B92A418EC380D00AF04DE /* womanblue.png */; };
		D60B92A918EC380D00AF04DE /* manblue.png in Resources */ = {isa = PBXBuildFile; fileRef = D60B92A518EC380D00AF04DE /* manblue.png */; };
		D60B92AA18EC380D00AF04DE /* manwhite.png in Resources */ = {isa = PBXBuildFile; fileRef = D60B92A618EC380D00AF04DE /* manwhite.png */; };
		D60B92AE18EC386D00AF04DE /* Main.storyboard in Resources */ = {isa = PBXBuildFile; fileRef = D60B92AD18EC386D00AF04DE /* Main.storyboard */; };
		D60B92B118EC395300AF04DE /* StartScreenViewController.m in Sources */ = {isa = PBXBuildFile; fileRef = D60B92B018EC395300AF04DE /* StartScreenViewController.m */; };
		D62A58F518EC6945001A8BAA /* AppIcon.png in Resources */ = {isa = PBXBuildFile; fileRef = D62A58F318EC6945001A8BAA /* AppIcon.png */; };
		D62A58F618EC6945001A8BAA /* AppIcon_1.png in Resources */ = {isa = PBXBuildFile; fileRef = D62A58F418EC6945001A8BAA /* AppIcon_1.png */; };
		D69BFA4918F573D400ECD2C7 /* cafe_coffee_final.png in Resources */ = {isa = PBXBuildFile; fileRef = D69BFA4818F573D400ECD2C7 /* cafe_coffee_final.png */; };
		D69BFA4F18F58C4100ECD2C7 /* StatTableViewController.m in Sources */ = {isa = PBXBuildFile; fileRef = D69BFA4E18F58C4100ECD2C7 /* StatTableViewController.m */; };
		D69F4AD0190429ED00FFC74E /* manblue_newblue.png in Resources */ = {isa = PBXBuildFile; fileRef = D69F4ACE190429ED00FFC74E /* manblue_newblue.png */; };
		D69F4AD1190429ED00FFC74E /* whiteman_newblue.png in Resources */ = {isa = PBXBuildFile; fileRef = D69F4ACF190429ED00FFC74E /* whiteman_newblue.png */; };
		D69F4AD319042AC600FFC74E /* bluewoman_newblue.png in Resources */ = {isa = PBXBuildFile; fileRef = D69F4AD219042AC600FFC74E /* bluewoman_newblue.png */; };
		D6AD7BA318F557690073521D /* coffee_cup_big.png in Resources */ = {isa = PBXBuildFile; fileRef = D6AD7B9F18F557690073521D /* coffee_cup_big.png */; };
		D6AD7BA518F557690073521D /* soda_bottle.png in Resources */ = {isa = PBXBuildFile; fileRef = D6AD7BA118F557690073521D /* soda_bottle.png */; };
		D6AD7BA618F557690073521D /* soda_can.png in Resources */ = {isa = PBXBuildFile; fileRef = D6AD7BA218F557690073521D /* soda_can.png */; };
		D6AD7BA818F559250073521D /* coffee_cup_final.png in Resources */ = {isa = PBXBuildFile; fileRef = D6AD7BA718F559250073521D /* coffee_cup_final.png */; };
/* End PBXBuildFile section */

/* Begin PBXContainerItemProxy section */
		D60B928F18EC304000AF04DE /* PBXContainerItemProxy */ = {
			isa = PBXContainerItemProxy;
			containerPortal = D60B926118EC304000AF04DE /* Project object */;
			proxyType = 1;
			remoteGlobalIDString = D60B926818EC304000AF04DE;
			remoteInfo = HydrateMe;
		};
/* End PBXContainerItemProxy section */

/* Begin PBXFileReference section */
		0004ECFD18EDE21B00EAE3F5 /* WaterSubViewController.h */ = {isa = PBXFileReference; fileEncoding = 4; lastKnownFileType = sourcecode.c.h; path = WaterSubViewController.h; sourceTree = "<group>"; };
		0004ECFE18EDE21B00EAE3F5 /* WaterSubViewController.m */ = {isa = PBXFileReference; fileEncoding = 4; lastKnownFileType = sourcecode.c.objc; path = WaterSubViewController.m; sourceTree = "<group>"; };
		0004ECFF18EDE21B00EAE3F5 /* WaterSubViewController.xib */ = {isa = PBXFileReference; fileEncoding = 4; lastKnownFileType = file.xib; path = WaterSubViewController.xib; sourceTree = "<group>"; };
		0004ED0218EDE9C000EAE3F5 /* SoftDrinkSubViewController.h */ = {isa = PBXFileReference; fileEncoding = 4; lastKnownFileType = sourcecode.c.h; path = SoftDrinkSubViewController.h; sourceTree = "<group>"; };
		0004ED0318EDE9C000EAE3F5 /* SoftDrinkSubViewController.m */ = {isa = PBXFileReference; fileEncoding = 4; lastKnownFileType = sourcecode.c.objc; path = SoftDrinkSubViewController.m; sourceTree = "<group>"; };
		0004ED0418EDE9C000EAE3F5 /* SoftDrinkSubViewController.xib */ = {isa = PBXFileReference; fileEncoding = 4; lastKnownFileType = file.xib; path = SoftDrinkSubViewController.xib; sourceTree = "<group>"; };
		0004ED0718EDEA4900EAE3F5 /* CoffeeSubViewController.h */ = {isa = PBXFileReference; fileEncoding = 4; lastKnownFileType = sourcecode.c.h; path = CoffeeSubViewController.h; sourceTree = "<group>"; };
		0004ED0818EDEA4900EAE3F5 /* CoffeeSubViewController.m */ = {isa = PBXFileReference; fileEncoding = 4; lastKnownFileType = sourcecode.c.objc; path = CoffeeSubViewController.m; sourceTree = "<group>"; };
		0004ED0918EDEA4900EAE3F5 /* CoffeeSubViewController.xib */ = {isa = PBXFileReference; fileEncoding = 4; lastKnownFileType = file.xib; path = CoffeeSubViewController.xib; sourceTree = "<group>"; };
		000846EC18F0B0F1000EB4B2 /* StatScreenViewController.h */ = {isa = PBXFileReference; fileEncoding = 4; lastKnownFileType = sourcecode.c.h; path = StatScreenViewController.h; sourceTree = "<group>"; };
		000846ED18F0B0F1000EB4B2 /* StatScreenViewController.m */ = {isa = PBXFileReference; fileEncoding = 4; lastKnownFileType = sourcecode.c.objc; path = StatScreenViewController.m; sourceTree = "<group>"; };
		0031864218EC419B00528B23 /* MainScreenViewController.h */ = {isa = PBXFileReference; fileEncoding = 4; lastKnownFileType = sourcecode.c.h; path = MainScreenViewController.h; sourceTree = "<group>"; };
		0031864318EC419B00528B23 /* MainScreenViewController.m */ = {isa = PBXFileReference; fileEncoding = 4; lastKnownFileType = sourcecode.c.objc; path = MainScreenViewController.m; sourceTree = "<group>"; };
		0031864718EC5DB500528B23 /* caffein_final.png */ = {isa = PBXFileReference; lastKnownFileType = image.png; path = caffein_final.png; sourceTree = "<group>"; };
		0031864818EC5DB500528B23 /* glass_final.png */ = {isa = PBXFileReference; lastKnownFileType = image.png; path = glass_final.png; sourceTree = "<group>"; };
		0031864918EC5DB500528B23 /* settings_final.png */ = {isa = PBXFileReference; lastKnownFileType = image.png; path = settings_final.png; sourceTree = "<group>"; };
		0031864A18EC5DB500528B23 /* statistics_final.png */ = {isa = PBXFileReference; lastKnownFileType = image.png; path = statistics_final.png; sourceTree = "<group>"; };
		0031864B18EC5DB500528B23 /* sugar_final.png */ = {isa = PBXFileReference; lastKnownFileType = image.png; path = sugar_final.png; sourceTree = "<group>"; };
		0031864C18EC5DB500528B23 /* water_final.png */ = {isa = PBXFileReference; lastKnownFileType = image.png; path = water_final.png; sourceTree = "<group>"; };
		0031865318EC64E700528B23 /* caffein_unselected_final.png */ = {isa = PBXFileReference; lastKnownFileType = image.png; path = caffein_unselected_final.png; sourceTree = "<group>"; };
		0031865418EC64E700528B23 /* sugar_unselected_final.psd */ = {isa = PBXFileReference; lastKnownFileType = file; path = sugar_unselected_final.psd; sourceTree = "<group>"; };
		0062D5C418F5DF3100BD97FD /* TopBarViewController.h */ = {isa = PBXFileReference; fileEncoding = 4; lastKnownFileType = sourcecode.c.h; path = TopBarViewController.h; sourceTree = "<group>"; };
		0062D5C518F5DF3100BD97FD /* TopBarViewController.m */ = {isa = PBXFileReference; fileEncoding = 4; lastKnownFileType = sourcecode.c.objc; path = TopBarViewController.m; sourceTree = "<group>"; };
		0062D5C618F5DF3100BD97FD /* TopBarViewController.xib */ = {isa = PBXFileReference; fileEncoding = 4; lastKnownFileType = file.xib; path = TopBarViewController.xib; sourceTree = "<group>"; };
		0062D5C918F5F98900BD97FD /* man.png */ = {isa = PBXFileReference; lastKnownFileType = image.png; path = man.png; sourceTree = "<group>"; };
		00FB422718EF5DC60011E26A /* LoggingData.h */ = {isa = PBXFileReference; fileEncoding = 4; lastKnownFileType = sourcecode.c.h; path = LoggingData.h; sourceTree = "<group>"; };
		00FB422818EF5DC60011E26A /* LoggingData.m */ = {isa = PBXFileReference; fileEncoding = 4; lastKnownFileType = sourcecode.c.objc; path = LoggingData.m; sourceTree = "<group>"; };
		D60B926918EC304000AF04DE /* HydrateMe.app */ = {isa = PBXFileReference; explicitFileType = wrapper.application; includeInIndex = 0; path = HydrateMe.app; sourceTree = BUILT_PRODUCTS_DIR; };
		D60B926C18EC304000AF04DE /* Foundation.framework */ = {isa = PBXFileReference; lastKnownFileType = wrapper.framework; name = Foundation.framework; path = System/Library/Frameworks/Foundation.framework; sourceTree = SDKROOT; };
		D60B926E18EC304000AF04DE /* CoreGraphics.framework */ = {isa = PBXFileReference; lastKnownFileType = wrapper.framework; name = CoreGraphics.framework; path = System/Library/Frameworks/CoreGraphics.framework; sourceTree = SDKROOT; };
		D60B927018EC304000AF04DE /* UIKit.framework */ = {isa = PBXFileReference; lastKnownFileType = wrapper.framework; name = UIKit.framework; path = System/Library/Frameworks/UIKit.framework; sourceTree = SDKROOT; };
		D60B927218EC304000AF04DE /* CoreData.framework */ = {isa = PBXFileReference; lastKnownFileType = wrapper.framework; name = CoreData.framework; path = System/Library/Frameworks/CoreData.framework; sourceTree = SDKROOT; };
		D60B927618EC304000AF04DE /* HydrateMe-Info.plist */ = {isa = PBXFileReference; lastKnownFileType = text.plist.xml; path = "HydrateMe-Info.plist"; sourceTree = "<group>"; };
		D60B927818EC304000AF04DE /* en */ = {isa = PBXFileReference; lastKnownFileType = text.plist.strings; name = en; path = en.lproj/InfoPlist.strings; sourceTree = "<group>"; };
		D60B927A18EC304000AF04DE /* main.m */ = {isa = PBXFileReference; lastKnownFileType = sourcecode.c.objc; path = main.m; sourceTree = "<group>"; };
		D60B927C18EC304000AF04DE /* HydrateMe-Prefix.pch */ = {isa = PBXFileReference; lastKnownFileType = sourcecode.c.h; path = "HydrateMe-Prefix.pch"; sourceTree = "<group>"; };
		D60B927D18EC304000AF04DE /* AppDelegate.h */ = {isa = PBXFileReference; lastKnownFileType = sourcecode.c.h; path = AppDelegate.h; sourceTree = "<group>"; };
		D60B927E18EC304000AF04DE /* AppDelegate.m */ = {isa = PBXFileReference; lastKnownFileType = sourcecode.c.objc; path = AppDelegate.m; sourceTree = "<group>"; };
		D60B928318EC304000AF04DE /* Images.xcassets */ = {isa = PBXFileReference; lastKnownFileType = folder.assetcatalog; path = Images.xcassets; sourceTree = "<group>"; };
		D60B928918EC304000AF04DE /* HydrateMeTests.xctest */ = {isa = PBXFileReference; explicitFileType = wrapper.cfbundle; includeInIndex = 0; path = HydrateMeTests.xctest; sourceTree = BUILT_PRODUCTS_DIR; };
		D60B928A18EC304000AF04DE /* XCTest.framework */ = {isa = PBXFileReference; lastKnownFileType = wrapper.framework; name = XCTest.framework; path = Library/Frameworks/XCTest.framework; sourceTree = DEVELOPER_DIR; };
		D60B929318EC304000AF04DE /* HydrateMeTests-Info.plist */ = {isa = PBXFileReference; lastKnownFileType = text.plist.xml; path = "HydrateMeTests-Info.plist"; sourceTree = "<group>"; };
		D60B929518EC304000AF04DE /* en */ = {isa = PBXFileReference; lastKnownFileType = text.plist.strings; name = en; path = en.lproj/InfoPlist.strings; sourceTree = "<group>"; };
		D60B929718EC304000AF04DE /* HydrateMeTests.m */ = {isa = PBXFileReference; lastKnownFileType = sourcecode.c.objc; path = HydrateMeTests.m; sourceTree = "<group>"; };
		D60B92A118EC374300AF04DE /* CoreData.xcdatamodel */ = {isa = PBXFileReference; lastKnownFileType = wrapper.xcdatamodel; path = CoreData.xcdatamodel; sourceTree = "<group>"; };
		D60B92A318EC380D00AF04DE /* womanwhite.png */ = {isa = PBXFileReference; lastKnownFileType = image.png; path = womanwhite.png; sourceTree = "<group>"; };
		D60B92A418EC380D00AF04DE /* womanblue.png */ = {isa = PBXFileReference; lastKnownFileType = image.png; path = womanblue.png; sourceTree = "<group>"; };
		D60B92A518EC380D00AF04DE /* manblue.png */ = {isa = PBXFileReference; lastKnownFileType = image.png; path = manblue.png; sourceTree = "<group>"; };
		D60B92A618EC380D00AF04DE /* manwhite.png */ = {isa = PBXFileReference; lastKnownFileType = image.png; path = manwhite.png; sourceTree = "<group>"; };
		D60B92AD18EC386D00AF04DE /* Main.storyboard */ = {isa = PBXFileReference; fileEncoding = 4; lastKnownFileType = file.storyboard; path = Main.storyboard; sourceTree = "<group>"; };
		D60B92AF18EC395300AF04DE /* StartScreenViewController.h */ = {isa = PBXFileReference; fileEncoding = 4; lastKnownFileType = sourcecode.c.h; path = StartScreenViewController.h; sourceTree = "<group>"; };
		D60B92B018EC395300AF04DE /* StartScreenViewController.m */ = {isa = PBXFileReference; fileEncoding = 4; lastKnownFileType = sourcecode.c.objc; path = StartScreenViewController.m; sourceTree = "<group>"; };
		D62A58F318EC6945001A8BAA /* AppIcon.png */ = {isa = PBXFileReference; lastKnownFileType = image.png; path = AppIcon.png; sourceTree = "<group>"; };
		D62A58F418EC6945001A8BAA /* AppIcon_1.png */ = {isa = PBXFileReference; lastKnownFileType = image.png; path = AppIcon_1.png; sourceTree = "<group>"; };
		D69BFA4818F573D400ECD2C7 /* cafe_coffee_final.png */ = {isa = PBXFileReference; lastKnownFileType = image.png; path = cafe_coffee_final.png; sourceTree = "<group>"; };
		D69BFA4D18F58C4100ECD2C7 /* StatTableViewController.h */ = {isa = PBXFileReference; fileEncoding = 4; lastKnownFileType = sourcecode.c.h; path = StatTableViewController.h; sourceTree = "<group>"; };
		D69BFA4E18F58C4100ECD2C7 /* StatTableViewController.m */ = {isa = PBXFileReference; fileEncoding = 4; lastKnownFileType = sourcecode.c.objc; path = StatTableViewController.m; sourceTree = "<group>"; };
		D69F4ACE190429ED00FFC74E /* manblue_newblue.png */ = {isa = PBXFileReference; lastKnownFileType = image.png; path = manblue_newblue.png; sourceTree = "<group>"; };
		D69F4ACF190429ED00FFC74E /* whiteman_newblue.png */ = {isa = PBXFileReference; lastKnownFileType = image.png; path = whiteman_newblue.png; sourceTree = "<group>"; };
		D69F4AD219042AC600FFC74E /* bluewoman_newblue.png */ = {isa = PBXFileReference; lastKnownFileType = image.png; path = bluewoman_newblue.png; sourceTree = "<group>"; };
		D6AD7B9F18F557690073521D /* coffee_cup_big.png */ = {isa = PBXFileReference; lastKnownFileType = image.png; path = coffee_cup_big.png; sourceTree = "<group>"; };
		D6AD7BA118F557690073521D /* soda_bottle.png */ = {isa = PBXFileReference; lastKnownFileType = image.png; path = soda_bottle.png; sourceTree = "<group>"; };
		D6AD7BA218F557690073521D /* soda_can.png */ = {isa = PBXFileReference; lastKnownFileType = image.png; path = soda_can.png; sourceTree = "<group>"; };
		D6AD7BA718F559250073521D /* coffee_cup_final.png */ = {isa = PBXFileReference; lastKnownFileType = image.png; path = coffee_cup_final.png; sourceTree = "<group>"; };
/* End PBXFileReference section */

/* Begin PBXFrameworksBuildPhase section */
		D60B926618EC304000AF04DE /* Frameworks */ = {
			isa = PBXFrameworksBuildPhase;
			buildActionMask = 2147483647;
			files = (
				D60B926F18EC304000AF04DE /* CoreGraphics.framework in Frameworks */,
				D60B927318EC304000AF04DE /* CoreData.framework in Frameworks */,
				D60B927118EC304000AF04DE /* UIKit.framework in Frameworks */,
				D60B926D18EC304000AF04DE /* Foundation.framework in Frameworks */,
			);
			runOnlyForDeploymentPostprocessing = 0;
		};
		D60B928618EC304000AF04DE /* Frameworks */ = {
			isa = PBXFrameworksBuildPhase;
			buildActionMask = 2147483647;
			files = (
				D60B928B18EC304000AF04DE /* XCTest.framework in Frameworks */,
				D60B928E18EC304000AF04DE /* CoreData.framework in Frameworks */,
				D60B928D18EC304000AF04DE /* UIKit.framework in Frameworks */,
				D60B928C18EC304000AF04DE /* Foundation.framework in Frameworks */,
			);
			runOnlyForDeploymentPostprocessing = 0;
		};
/* End PBXFrameworksBuildPhase section */

/* Begin PBXGroup section */
		0031864618EC526300528B23 /* Images */ = {
			isa = PBXGroup;
			children = (
				D69F4AD219042AC600FFC74E /* bluewoman_newblue.png */,
				D69F4ACE190429ED00FFC74E /* manblue_newblue.png */,
				D69F4ACF190429ED00FFC74E /* whiteman_newblue.png */,
				D69BFA4818F573D400ECD2C7 /* cafe_coffee_final.png */,
				D6AD7BA718F559250073521D /* coffee_cup_final.png */,
				D6AD7B9F18F557690073521D /* coffee_cup_big.png */,
				D6AD7BA118F557690073521D /* soda_bottle.png */,
				D6AD7BA218F557690073521D /* soda_can.png */,
				0062D5C918F5F98900BD97FD /* man.png */,
				0031865318EC64E700528B23 /* caffein_unselected_final.png */,
				0031865418EC64E700528B23 /* sugar_unselected_final.psd */,
				0031864718EC5DB500528B23 /* caffein_final.png */,
				0031864818EC5DB500528B23 /* glass_final.png */,
				0031864918EC5DB500528B23 /* settings_final.png */,
				0031864A18EC5DB500528B23 /* statistics_final.png */,
				0031864B18EC5DB500528B23 /* sugar_final.png */,
				0031864C18EC5DB500528B23 /* water_final.png */,
			);
			name = Images;
			sourceTree = "<group>";
		};
		D60B926018EC304000AF04DE = {
			isa = PBXGroup;
			children = (
				D60B927418EC304000AF04DE /* HydrateMe */,
				D60B929118EC304000AF04DE /* HydrateMeTests */,
				D60B926B18EC304000AF04DE /* Frameworks */,
				D60B926A18EC304000AF04DE /* Products */,
			);
			sourceTree = "<group>";
		};
		D60B926A18EC304000AF04DE /* Products */ = {
			isa = PBXGroup;
			children = (
				D60B926918EC304000AF04DE /* HydrateMe.app */,
				D60B928918EC304000AF04DE /* HydrateMeTests.xctest */,
			);
			name = Products;
			sourceTree = "<group>";
		};
		D60B926B18EC304000AF04DE /* Frameworks */ = {
			isa = PBXGroup;
			children = (
				D60B926C18EC304000AF04DE /* Foundation.framework */,
				D60B926E18EC304000AF04DE /* CoreGraphics.framework */,
				D60B927018EC304000AF04DE /* UIKit.framework */,
				D60B927218EC304000AF04DE /* CoreData.framework */,
				D60B928A18EC304000AF04DE /* XCTest.framework */,
			);
			name = Frameworks;
			sourceTree = "<group>";
		};
		D60B927418EC304000AF04DE /* HydrateMe */ = {
			isa = PBXGroup;
			children = (
				D60B927D18EC304000AF04DE /* AppDelegate.h */,
				D60B927E18EC304000AF04DE /* AppDelegate.m */,
				D60B92A118EC374300AF04DE /* CoreData.xcdatamodel */,
				D6A0DAC818EC3E8B00E97AE4 /* Models */,
				D6A0DAC718EC3E6F00E97AE4 /* Controllers */,
				D6A0DAC618EC3E4800E97AE4 /* Views */,
				D60B927518EC304000AF04DE /* Supporting Files */,
				D60B928318EC304000AF04DE /* Images.xcassets */,
			);
			path = HydrateMe;
			sourceTree = "<group>";
		};
		D60B927518EC304000AF04DE /* Supporting Files */ = {
			isa = PBXGroup;
			children = (
				D62A58F318EC6945001A8BAA /* AppIcon.png */,
				D62A58F418EC6945001A8BAA /* AppIcon_1.png */,
				0031864618EC526300528B23 /* Images */,
				D60B92A318EC380D00AF04DE /* womanwhite.png */,
				D60B92A418EC380D00AF04DE /* womanblue.png */,
				D60B92A518EC380D00AF04DE /* manblue.png */,
				D60B92A618EC380D00AF04DE /* manwhite.png */,
				D60B927618EC304000AF04DE /* HydrateMe-Info.plist */,
				D60B927718EC304000AF04DE /* InfoPlist.strings */,
				D60B927A18EC304000AF04DE /* main.m */,
				D60B927C18EC304000AF04DE /* HydrateMe-Prefix.pch */,
			);
			name = "Supporting Files";
			sourceTree = "<group>";
		};
		D60B929118EC304000AF04DE /* HydrateMeTests */ = {
			isa = PBXGroup;
			children = (
				D60B929718EC304000AF04DE /* HydrateMeTests.m */,
				D60B929218EC304000AF04DE /* Supporting Files */,
			);
			path = HydrateMeTests;
			sourceTree = "<group>";
		};
		D60B929218EC304000AF04DE /* Supporting Files */ = {
			isa = PBXGroup;
			children = (
				D60B929318EC304000AF04DE /* HydrateMeTests-Info.plist */,
				D60B929418EC304000AF04DE /* InfoPlist.strings */,
			);
			name = "Supporting Files";
			sourceTree = "<group>";
		};
		D6A0DAC618EC3E4800E97AE4 /* Views */ = {
			isa = PBXGroup;
			children = (
				0062D5C618F5DF3100BD97FD /* TopBarViewController.xib */,
				0004ED0918EDEA4900EAE3F5 /* CoffeeSubViewController.xib */,
				0004ED0418EDE9C000EAE3F5 /* SoftDrinkSubViewController.xib */,
				0004ECFF18EDE21B00EAE3F5 /* WaterSubViewController.xib */,
				D60B92AD18EC386D00AF04DE /* Main.storyboard */,
			);
			name = Views;
			sourceTree = "<group>";
		};
		D6A0DAC718EC3E6F00E97AE4 /* Controllers */ = {
			isa = PBXGroup;
			children = (
				0062D5C418F5DF3100BD97FD /* TopBarViewController.h */,
				0062D5C518F5DF3100BD97FD /* TopBarViewController.m */,
				D60B92AF18EC395300AF04DE /* StartScreenViewController.h */,
				D60B92B018EC395300AF04DE /* StartScreenViewController.m */,
				0031864218EC419B00528B23 /* MainScreenViewController.h */,
				0031864318EC419B00528B23 /* MainScreenViewController.m */,
				0004ECFD18EDE21B00EAE3F5 /* WaterSubViewController.h */,
				0004ECFE18EDE21B00EAE3F5 /* WaterSubViewController.m */,
				0004ED0218EDE9C000EAE3F5 /* SoftDrinkSubViewController.h */,
				0004ED0318EDE9C000EAE3F5 /* SoftDrinkSubViewController.m */,
				0004ED0718EDEA4900EAE3F5 /* CoffeeSubViewController.h */,
				0004ED0818EDEA4900EAE3F5 /* CoffeeSubViewController.m */,
				000846EC18F0B0F1000EB4B2 /* StatScreenViewController.h */,
				000846ED18F0B0F1000EB4B2 /* StatScreenViewController.m */,
				D69BFA4D18F58C4100ECD2C7 /* StatTableViewController.h */,
				D69BFA4E18F58C4100ECD2C7 /* StatTableViewController.m */,
			);
			name = Controllers;
			sourceTree = "<group>";
		};
		D6A0DAC818EC3E8B00E97AE4 /* Models */ = {
			isa = PBXGroup;
			children = (
				00FB422718EF5DC60011E26A /* LoggingData.h */,
				00FB422818EF5DC60011E26A /* LoggingData.m */,
			);
			name = Models;
			sourceTree = "<group>";
		};
/* End PBXGroup section */

/* Begin PBXNativeTarget section */
		D60B926818EC304000AF04DE /* HydrateMe */ = {
			isa = PBXNativeTarget;
			buildConfigurationList = D60B929B18EC304000AF04DE /* Build configuration list for PBXNativeTarget "HydrateMe" */;
			buildPhases = (
				D60B926518EC304000AF04DE /* Sources */,
				D60B926618EC304000AF04DE /* Frameworks */,
				D60B926718EC304000AF04DE /* Resources */,
			);
			buildRules = (
			);
			dependencies = (
			);
			name = HydrateMe;
			productName = HydrateMe;
			productReference = D60B926918EC304000AF04DE /* HydrateMe.app */;
			productType = "com.apple.product-type.application";
		};
		D60B928818EC304000AF04DE /* HydrateMeTests */ = {
			isa = PBXNativeTarget;
			buildConfigurationList = D60B929E18EC304000AF04DE /* Build configuration list for PBXNativeTarget "HydrateMeTests" */;
			buildPhases = (
				D60B928518EC304000AF04DE /* Sources */,
				D60B928618EC304000AF04DE /* Frameworks */,
				D60B928718EC304000AF04DE /* Resources */,
			);
			buildRules = (
			);
			dependencies = (
				D60B929018EC304000AF04DE /* PBXTargetDependency */,
			);
			name = HydrateMeTests;
			productName = HydrateMeTests;
			productReference = D60B928918EC304000AF04DE /* HydrateMeTests.xctest */;
			productType = "com.apple.product-type.bundle.unit-test";
		};
/* End PBXNativeTarget section */

/* Begin PBXProject section */
		D60B926118EC304000AF04DE /* Project object */ = {
			isa = PBXProject;
			attributes = {
				LastUpgradeCheck = 0510;
				ORGANIZATIONNAME = UNIGULD;
				TargetAttributes = {
					D60B928818EC304000AF04DE = {
						TestTargetID = D60B926818EC304000AF04DE;
					};
				};
			};
			buildConfigurationList = D60B926418EC304000AF04DE /* Build configuration list for PBXProject "HydrateMe" */;
			compatibilityVersion = "Xcode 3.2";
			developmentRegion = English;
			hasScannedForEncodings = 0;
			knownRegions = (
				en,
			);
			mainGroup = D60B926018EC304000AF04DE;
			productRefGroup = D60B926A18EC304000AF04DE /* Products */;
			projectDirPath = "";
			projectRoot = "";
			targets = (
				D60B926818EC304000AF04DE /* HydrateMe */,
				D60B928818EC304000AF04DE /* HydrateMeTests */,
			);
		};
/* End PBXProject section */

/* Begin PBXResourcesBuildPhase section */
		D60B926718EC304000AF04DE /* Resources */ = {
			isa = PBXResourcesBuildPhase;
			buildActionMask = 2147483647;
			files = (
				0031865618EC64E700528B23 /* sugar_unselected_final.psd in Resources */,
				0031864E18EC5DB500528B23 /* glass_final.png in Resources */,
				0031864F18EC5DB500528B23 /* settings_final.png in Resources */,
				D60B92AA18EC380D00AF04DE /* manwhite.png in Resources */,
				0004ED0618EDE9C000EAE3F5 /* SoftDrinkSubViewController.xib in Resources */,
				0031864D18EC5DB500528B23 /* caffein_final.png in Resources */,
				D6AD7BA618F557690073521D /* soda_can.png in Resources */,
				D6AD7BA818F559250073521D /* coffee_cup_final.png in Resources */,
				D60B92A718EC380D00AF04DE /* womanwhite.png in Resources */,
				D69BFA4918F573D400ECD2C7 /* cafe_coffee_final.png in Resources */,
				0062D5C818F5DF3100BD97FD /* TopBarViewController.xib in Resources */,
				D69F4AD1190429ED00FFC74E /* whiteman_newblue.png in Resources */,
				D69F4AD0190429ED00FFC74E /* manblue_newblue.png in Resources */,
				D60B927918EC304000AF04DE /* InfoPlist.strings in Resources */,
				D60B92A818EC380D00AF04DE /* womanblue.png in Resources */,
				D62A58F518EC6945001A8BAA /* AppIcon.png in Resources */,
				D6AD7BA518F557690073521D /* soda_bottle.png in Resources */,
				D69F4AD319042AC600FFC74E /* bluewoman_newblue.png in Resources */,
				D60B92A918EC380D00AF04DE /* manblue.png in Resources */,
				0062D5CA18F5F98900BD97FD /* man.png in Resources */,
				D62A58F618EC6945001A8BAA /* AppIcon_1.png in Resources */,
				0031865218EC5DB500528B23 /* water_final.png in Resources */,
				D6AD7BA318F557690073521D /* coffee_cup_big.png in Resources */,
				0004ED0B18EDEA4900EAE3F5 /* CoffeeSubViewController.xib in Resources */,
				D60B92AE18EC386D00AF04DE /* Main.storyboard in Resources */,
				0031865118EC5DB500528B23 /* sugar_final.png in Resources */,
				0031865518EC64E700528B23 /* caffein_unselected_final.png in Resources */,
				0004ED0118EDE21B00EAE3F5 /* WaterSubViewController.xib in Resources */,
				D60B928418EC304000AF04DE /* Images.xcassets in Resources */,
				0031865018EC5DB500528B23 /* statistics_final.png in Resources */,
			);
			runOnlyForDeploymentPostprocessing = 0;
		};
		D60B928718EC304000AF04DE /* Resources */ = {
			isa = PBXResourcesBuildPhase;
			buildActionMask = 2147483647;
			files = (
				D60B929618EC304000AF04DE /* InfoPlist.strings in Resources */,
			);
			runOnlyForDeploymentPostprocessing = 0;
		};
/* End PBXResourcesBuildPhase section */

/* Begin PBXSourcesBuildPhase section */
		D60B926518EC304000AF04DE /* Sources */ = {
			isa = PBXSourcesBuildPhase;
			buildActionMask = 2147483647;
			files = (
				000846EE18F0B0F1000EB4B2 /* StatScreenViewController.m in Sources */,
				D60B92A218EC374300AF04DE /* CoreData.xcdatamodel in Sources */,
				D60B927F18EC304000AF04DE /* AppDelegate.m in Sources */,
				D69BFA4F18F58C4100ECD2C7 /* StatTableViewController.m in Sources */,
				D60B927B18EC304000AF04DE /* main.m in Sources */,
				D60B92B118EC395300AF04DE /* StartScreenViewController.m in Sources */,
				00FB422918EF5DC60011E26A /* LoggingData.m in Sources */,
				0031864418EC419B00528B23 /* MainScreenViewController.m in Sources */,
				0004ED0A18EDEA4900EAE3F5 /* CoffeeSubViewController.m in Sources */,
				0004ED0018EDE21B00EAE3F5 /* WaterSubViewController.m in Sources */,
				0004ED0518EDE9C000EAE3F5 /* SoftDrinkSubViewController.m in Sources */,
				0062D5C718F5DF3100BD97FD /* TopBarViewController.m in Sources */,
			);
			runOnlyForDeploymentPostprocessing = 0;
		};
		D60B928518EC304000AF04DE /* Sources */ = {
			isa = PBXSourcesBuildPhase;
			buildActionMask = 2147483647;
			files = (
				D60B929818EC304000AF04DE /* HydrateMeTests.m in Sources */,
			);
			runOnlyForDeploymentPostprocessing = 0;
		};
/* End PBXSourcesBuildPhase section */

/* Begin PBXTargetDependency section */
		D60B929018EC304000AF04DE /* PBXTargetDependency */ = {
			isa = PBXTargetDependency;
			target = D60B926818EC304000AF04DE /* HydrateMe */;
			targetProxy = D60B928F18EC304000AF04DE /* PBXContainerItemProxy */;
		};
/* End PBXTargetDependency section */

/* Begin PBXVariantGroup section */
		D60B927718EC304000AF04DE /* InfoPlist.strings */ = {
			isa = PBXVariantGroup;
			children = (
				D60B927818EC304000AF04DE /* en */,
			);
			name = InfoPlist.strings;
			sourceTree = "<group>";
		};
		D60B929418EC304000AF04DE /* InfoPlist.strings */ = {
			isa = PBXVariantGroup;
			children = (
				D60B929518EC304000AF04DE /* en */,
			);
			name = InfoPlist.strings;
			sourceTree = "<group>";
		};
/* End PBXVariantGroup section */

/* Begin XCBuildConfiguration section */
		D60B929918EC304000AF04DE /* Debug */ = {
			isa = XCBuildConfiguration;
			buildSettings = {
				ALWAYS_SEARCH_USER_PATHS = NO;
				CLANG_CXX_LANGUAGE_STANDARD = "gnu++0x";
				CLANG_CXX_LIBRARY = "libc++";
				CLANG_ENABLE_MODULES = YES;
				CLANG_ENABLE_OBJC_ARC = YES;
				CLANG_WARN_BOOL_CONVERSION = YES;
				CLANG_WARN_CONSTANT_CONVERSION = YES;
				CLANG_WARN_DIRECT_OBJC_ISA_USAGE = YES_ERROR;
				CLANG_WARN_EMPTY_BODY = YES;
				CLANG_WARN_ENUM_CONVERSION = YES;
				CLANG_WARN_INT_CONVERSION = YES;
				CLANG_WARN_OBJC_ROOT_CLASS = YES_ERROR;
				CLANG_WARN__DUPLICATE_METHOD_MATCH = YES;
				"CODE_SIGN_IDENTITY[sdk=iphoneos*]" = "iPhone Developer";
				COPY_PHASE_STRIP = NO;
				GCC_C_LANGUAGE_STANDARD = gnu99;
				GCC_DYNAMIC_NO_PIC = NO;
				GCC_OPTIMIZATION_LEVEL = 0;
				GCC_PREPROCESSOR_DEFINITIONS = (
					"DEBUG=1",
					"$(inherited)",
				);
				GCC_SYMBOLS_PRIVATE_EXTERN = NO;
				GCC_WARN_64_TO_32_BIT_CONVERSION = YES;
				GCC_WARN_ABOUT_RETURN_TYPE = YES_ERROR;
				GCC_WARN_UNDECLARED_SELECTOR = YES;
				GCC_WARN_UNINITIALIZED_AUTOS = YES_AGGRESSIVE;
				GCC_WARN_UNUSED_FUNCTION = YES;
				GCC_WARN_UNUSED_VARIABLE = YES;
				IPHONEOS_DEPLOYMENT_TARGET = 7.1;
				ONLY_ACTIVE_ARCH = YES;
				SDKROOT = iphoneos;
			};
			name = Debug;
		};
		D60B929A18EC304000AF04DE /* Release */ = {
			isa = XCBuildConfiguration;
			buildSettings = {
				ALWAYS_SEARCH_USER_PATHS = NO;
				CLANG_CXX_LANGUAGE_STANDARD = "gnu++0x";
				CLANG_CXX_LIBRARY = "libc++";
				CLANG_ENABLE_MODULES = YES;
				CLANG_ENABLE_OBJC_ARC = YES;
				CLANG_WARN_BOOL_CONVERSION = YES;
				CLANG_WARN_CONSTANT_CONVERSION = YES;
				CLANG_WARN_DIRECT_OBJC_ISA_USAGE = YES_ERROR;
				CLANG_WARN_EMPTY_BODY = YES;
				CLANG_WARN_ENUM_CONVERSION = YES;
				CLANG_WARN_INT_CONVERSION = YES;
				CLANG_WARN_OBJC_ROOT_CLASS = YES_ERROR;
				CLANG_WARN__DUPLICATE_METHOD_MATCH = YES;
				"CODE_SIGN_IDENTITY[sdk=iphoneos*]" = "iPhone Developer";
				COPY_PHASE_STRIP = YES;
				ENABLE_NS_ASSERTIONS = NO;
				GCC_C_LANGUAGE_STANDARD = gnu99;
				GCC_WARN_64_TO_32_BIT_CONVERSION = YES;
				GCC_WARN_ABOUT_RETURN_TYPE = YES_ERROR;
				GCC_WARN_UNDECLARED_SELECTOR = YES;
				GCC_WARN_UNINITIALIZED_AUTOS = YES_AGGRESSIVE;
				GCC_WARN_UNUSED_FUNCTION = YES;
				GCC_WARN_UNUSED_VARIABLE = YES;
				IPHONEOS_DEPLOYMENT_TARGET = 7.1;
				SDKROOT = iphoneos;
				VALIDATE_PRODUCT = YES;
			};
			name = Release;
		};
		D60B929C18EC304000AF04DE /* Debug */ = {
			isa = XCBuildConfiguration;
			buildSettings = {
				ASSETCATALOG_COMPILER_APPICON_NAME = AppIcon;
				ASSETCATALOG_COMPILER_LAUNCHIMAGE_NAME = LaunchImage;
				GCC_PRECOMPILE_PREFIX_HEADER = YES;
				GCC_PREFIX_HEADER = "HydrateMe/HydrateMe-Prefix.pch";
				INFOPLIST_FILE = "HydrateMe/HydrateMe-Info.plist";
				IPHONEOS_DEPLOYMENT_TARGET = 7.1;
				PRODUCT_NAME = "$(TARGET_NAME)";
				TARGETED_DEVICE_FAMILY = 1;
				WRAPPER_EXTENSION = app;
			};
			name = Debug;
		};
		D60B929D18EC304000AF04DE /* Release */ = {
			isa = XCBuildConfiguration;
			buildSettings = {
				ASSETCATALOG_COMPILER_APPICON_NAME = AppIcon;
				ASSETCATALOG_COMPILER_LAUNCHIMAGE_NAME = LaunchImage;
				GCC_PRECOMPILE_PREFIX_HEADER = YES;
				GCC_PREFIX_HEADER = "HydrateMe/HydrateMe-Prefix.pch";
				INFOPLIST_FILE = "HydrateMe/HydrateMe-Info.plist";
				IPHONEOS_DEPLOYMENT_TARGET = 7.1;
				PRODUCT_NAME = "$(TARGET_NAME)";
				TARGETED_DEVICE_FAMILY = 1;
				WRAPPER_EXTENSION = app;
			};
			name = Release;
		};
		D60B929F18EC304000AF04DE /* Debug */ = {
			isa = XCBuildConfiguration;
			buildSettings = {
				BUNDLE_LOADER = "$(BUILT_PRODUCTS_DIR)/HydrateMe.app/HydrateMe";
				FRAMEWORK_SEARCH_PATHS = (
					"$(SDKROOT)/Developer/Library/Frameworks",
					"$(inherited)",
					"$(DEVELOPER_FRAMEWORKS_DIR)",
				);
				GCC_PRECOMPILE_PREFIX_HEADER = YES;
				GCC_PREFIX_HEADER = "HydrateMe/HydrateMe-Prefix.pch";
				GCC_PREPROCESSOR_DEFINITIONS = (
					"DEBUG=1",
					"$(inherited)",
				);
				INFOPLIST_FILE = "HydrateMeTests/HydrateMeTests-Info.plist";
				PRODUCT_NAME = "$(TARGET_NAME)";
				TEST_HOST = "$(BUNDLE_LOADER)";
				WRAPPER_EXTENSION = xctest;
			};
			name = Debug;
		};
		D60B92A018EC304000AF04DE /* Release */ = {
			isa = XCBuildConfiguration;
			buildSettings = {
				BUNDLE_LOADER = "$(BUILT_PRODUCTS_DIR)/HydrateMe.app/HydrateMe";
				FRAMEWORK_SEARCH_PATHS = (
					"$(SDKROOT)/Developer/Library/Frameworks",
					"$(inherited)",
					"$(DEVELOPER_FRAMEWORKS_DIR)",
				);
				GCC_PRECOMPILE_PREFIX_HEADER = YES;
				GCC_PREFIX_HEADER = "HydrateMe/HydrateMe-Prefix.pch";
				INFOPLIST_FILE = "HydrateMeTests/HydrateMeTests-Info.plist";
				PRODUCT_NAME = "$(TARGET_NAME)";
				TEST_HOST = "$(BUNDLE_LOADER)";
				WRAPPER_EXTENSION = xctest;
			};
			name = Release;
		};
/* End XCBuildConfiguration section */

/* Begin XCConfigurationList section */
		D60B926418EC304000AF04DE /* Build configuration list for PBXProject "HydrateMe" */ = {
			isa = XCConfigurationList;
			buildConfigurations = (
				D60B929918EC304000AF04DE /* Debug */,
				D60B929A18EC304000AF04DE /* Release */,
			);
			defaultConfigurationIsVisible = 0;
			defaultConfigurationName = Release;
		};
		D60B929B18EC304000AF04DE /* Build configuration list for PBXNativeTarget "HydrateMe" */ = {
			isa = XCConfigurationList;
			buildConfigurations = (
				D60B929C18EC304000AF04DE /* Debug */,
				D60B929D18EC304000AF04DE /* Release */,
			);
			defaultConfigurationIsVisible = 0;
			defaultConfigurationName = Release;
		};
		D60B929E18EC304000AF04DE /* Build configuration list for PBXNativeTarget "HydrateMeTests" */ = {
			isa = XCConfigurationList;
			buildConfigurations = (
				D60B929F18EC304000AF04DE /* Debug */,
				D60B92A018EC304000AF04DE /* Release */,
			);
			defaultConfigurationIsVisible = 0;
			defaultConfigurationName = Release;
		};
/* End XCConfigurationList section */
	};
	rootObject = D60B926118EC304000AF04DE /* Project object */;
}
